lockfileVersion: '9.0'

settings:
  autoInstallPeers: true
  excludeLinksFromLockfile: false

importers:

  .:
    dependencies:
      '@runpod/ai-sdk-provider':
        specifier: ^0.11.0
        version: 0.11.1(zod@4.1.13)
      ai:
        specifier: ^5.0.13
        version: 5.0.107(zod@4.1.13)
      dotenv:
        specifier: ^17.2.1
        version: 17.2.3

packages:

  '@ai-sdk/gateway@2.0.18':
    resolution: {integrity: sha512-sDQcW+6ck2m0pTIHW6BPHD7S125WD3qNkx/B8sEzJp/hurocmJ5Cni0ybExg6sQMGo+fr/GWOwpHF1cmCdg5rQ==}
    engines: {node: '>=18'}
    peerDependencies:
      zod: ^3.25.76 || ^4.1.8

  '@ai-sdk/openai-compatible@1.0.28':
    resolution: {integrity: sha512-yKubDxLYtXyGUzkr9lNStf/lE/I+Okc8tmotvyABhsQHHieLKk6oV5fJeRJxhr67Ejhg+FRnwUOxAmjRoFM4dA==}
    engines: {node: '>=18'}
    peerDependencies:
      zod: ^3.25.76 || ^4.1.8

  '@ai-sdk/provider-utils@3.0.18':
    resolution: {integrity: sha512-ypv1xXMsgGcNKUP+hglKqtdDuMg68nWHucPPAhIENrbFAI+xCHiqPVN8Zllxyv1TNZwGWUghPxJXU+Mqps0YRQ==}
    engines: {node: '>=18'}
    peerDependencies:
      zod: ^3.25.76 || ^4.1.8

  '@ai-sdk/provider@2.0.0':
    resolution: {integrity: sha512-6o7Y2SeO9vFKB8lArHXehNuusnpddKPk7xqL7T2/b+OvXMRIXUO1rR4wcv1hAFUAT9avGZshty3Wlua/XA7TvA==}
    engines: {node: '>=18'}

  '@opentelemetry/api@1.9.0':
    resolution: {integrity: sha512-3giAOQvZiH5F9bMlMiv8+GSPMeqg0dbaeo58/0SlA9sxSqZhnUtxzX9/2FzyhS9sWQf5S0GJE0AKBrFqjpeYcg==}
    engines: {node: '>=8.0.0'}

  '@runpod/ai-sdk-provider@0.11.1':
    resolution: {integrity: sha512-3m3arKhAYL726fSh/RG9WJUOgS27fd8s2IF+QoPdMB0m2F7bS+a2mc4RpoUTdYN6ipxjQ7ywTEmrV8VTa4/ygA==}
    engines: {node: '>=18'}
    peerDependencies:
      zod: ^3.25.76 || ^4

  '@standard-schema/spec@1.0.0':
    resolution: {integrity: sha512-m2bOd0f2RT9k8QJx1JN85cZYyH1RqFBdlwtkSlf4tBDYLCiiZnv1fIIwacK6cqwXavOydf0NPToMQgpKq+dVlA==}

  '@vercel/oidc@3.0.5':
    resolution: {integrity: sha512-fnYhv671l+eTTp48gB4zEsTW/YtRgRPnkI2nT7x6qw5rkI1Lq2hTmQIpHPgyThI0znLK+vX2n9XxKdXZ7BUbbw==}
    engines: {node: '>= 20'}

  ai@5.0.107:
    resolution: {integrity: sha512-laZlS9ZC/DZfSaxPgrBqI4mM+kxRvTPBBQfa74ceBFskkunZKEsaGVFNEs4cfyGa3nCCCl1WO/fjxixp4V8Zag==}
    engines: {node: '>=18'}
    peerDependencies:
      zod: ^3.25.76 || ^4.1.8

  dotenv@17.2.3:
    resolution: {integrity: sha512-JVUnt+DUIzu87TABbhPmNfVdBDt18BLOWjMUFJMSi/Qqg7NTYtabbvSNJGOJ7afbRuv9D/lngizHtP7QyLQ+9w==}
    engines: {node: '>=12'}

  eventsource-parser@3.0.6:
    resolution: {integrity: sha512-Vo1ab+QXPzZ4tCa8SwIHJFaSzy4R6SHf7BY79rFBDf0idraZWAkYrDjDj8uWaSm3S2TK+hJ7/t1CEmZ7jXw+pg==}
    engines: {node: '>=18.0.0'}

  json-schema@0.4.0:
    resolution: {integrity: sha512-es94M3nTIfsEPisRafak+HDLfHXnKBhV3vU5eqPcS3flIWqcxJWgXHXiey3YrpaNsanY5ei1VoYEbOzijuq9BA==}

  zod@4.1.13:
    resolution: {integrity: sha512-AvvthqfqrAhNH9dnfmrfKzX5upOdjUVJYFqNSlkmGf64gRaTzlPwz99IHYnVs28qYAybvAlBV+H7pn0saFY4Ig==}

snapshots:

  '@ai-sdk/gateway@2.0.18(zod@4.1.13)':
    dependencies:
      '@ai-sdk/provider': 2.0.0
      '@ai-sdk/provider-utils': 3.0.18(zod@4.1.13)
      '@vercel/oidc': 3.0.5
      zod: 4.1.13

  '@ai-sdk/openai-compatible@1.0.28(zod@4.1.13)':
    dependencies:
      '@ai-sdk/provider': 2.0.0
      '@ai-sdk/provider-utils': 3.0.18(zod@4.1.13)
      zod: 4.1.13

  '@ai-sdk/provider-utils@3.0.18(zod@4.1.13)':
    dependencies:
      '@ai-sdk/provider': 2.0.0
      '@standard-schema/spec': 1.0.0
      eventsource-parser: 3.0.6
      zod: 4.1.13

  '@ai-sdk/provider@2.0.0':
    dependencies:
      json-schema: 0.4.0

  '@opentelemetry/api@1.9.0': {}

  '@runpod/ai-sdk-provider@0.11.1(zod@4.1.13)':
    dependencies:
      '@ai-sdk/openai-compatible': 1.0.28(zod@4.1.13)
      '@ai-sdk/provider': 2.0.0
      '@ai-sdk/provider-utils': 3.0.18(zod@4.1.13)
      zod: 4.1.13

  '@standard-schema/spec@1.0.0': {}

  '@vercel/oidc@3.0.5': {}

  ai@5.0.107(zod@4.1.13):
    dependencies:
      '@ai-sdk/gateway': 2.0.18(zod@4.1.13)
      '@ai-sdk/provider': 2.0.0
      '@ai-sdk/provider-utils': 3.0.18(zod@4.1.13)
      '@opentelemetry/api': 1.9.0
      zod: 4.1.13

  dotenv@17.2.3: {}

  eventsource-parser@3.0.6: {}

  json-schema@0.4.0: {}

  zod@4.1.13: {}
