{
  "name": "runpod-aisdk-getting-started",
  "version": "1.0.0",
  "lockfileVersion": 3,
  "requires": true,
  "packages": {
    "": {
      "name": "runpod-aisdk-getting-started",
      "version": "1.0.0",
      "dependencies": {
        "@ai-sdk/openai": "^2.0.13",
        "@runpod/ai-sdk-provider": "file:/Users/timpietrusky/data/dev/runpod/ai-sdk-provider",
        "ai": "^5.0.13",
        "dotenv": "^17.2.1",
        "zod": "^3.25.76"
      }
    },
    "../../../ai-sdk-provider": {
      "name": "@runpod/ai-sdk-provider",
      "version": "0.11.0",
      "license": "Apache-2.0",
      "dependencies": {
        "@ai-sdk/openai-compatible": "^1.0.11",
        "@ai-sdk/provider": "^2.0.0",
        "@ai-sdk/provider-utils": "^3.0.5"
      },
      "devDependencies": {
        "@changesets/cli": "^2.29.6",
        "@edge-runtime/vm": "^5.0.0",
        "@types/node": "^20.0.0",
        "@typescript-eslint/eslint-plugin": "^8.39.1",
        "@typescript-eslint/parser": "^8.39.1",
        "eslint": "^9.33.0",
        "prettier": "^3.6.2",
        "tsup": "^8.0.0",
        "typescript": "^5.0.0",
        "vitest": "^2.0.0",
        "zod": "^3.25.76"
      },
      "engines": {
        "node": ">=18"
      },
      "peerDependencies": {
        "zod": "^3.25.76 || ^4"
      }
    },
    "node_modules/@ai-sdk/gateway": {
      "version": "2.0.1",
      "resolved": "https://registry.npmjs.org/@ai-sdk/gateway/-/gateway-2.0.1.tgz",
      "integrity": "sha512-vPVIbnP35ZnayS937XLo85vynR85fpBQWHCdUweq7apzqFOTU2YkUd4V3msebEHbQ2Zro60ZShDDy9SMiyWTqA==",
      "license": "Apache-2.0",
      "dependencies": {
        "@ai-sdk/provider": "2.0.0",
        "@ai-sdk/provider-utils": "3.0.12",
        "@vercel/oidc": "3.0.3"
      },
      "engines": {
        "node": ">=18"
      },
      "peerDependencies": {
        "zod": "^3.25.76 || ^4.1.8"
      }
    },
    "node_modules/@ai-sdk/openai": {
      "version": "2.0.53",
      "resolved": "https://registry.npmjs.org/@ai-sdk/openai/-/openai-2.0.53.tgz",
      "integrity": "sha512-GIkR3+Fyif516ftXv+YPSPstnAHhcZxNoR2s8uSHhQ1yBT7I7aQYTVwpjAuYoT3GR+TeP50q7onj2/nDRbT2FQ==",
      "license": "Apache-2.0",
      "dependencies": {
        "@ai-sdk/provider": "2.0.0",
        "@ai-sdk/provider-utils": "3.0.12"
      },
      "engines": {
        "node": ">=18"
      },
      "peerDependencies": {
        "zod": "^3.25.76 || ^4.1.8"
      }
    },
    "node_modules/@ai-sdk/provider": {
      "version": "2.0.0",
      "resolved": "https://registry.npmjs.org/@ai-sdk/provider/-/provider-2.0.0.tgz",
      "integrity": "sha512-6o7Y2SeO9vFKB8lArHXehNuusnpddKPk7xqL7T2/b+OvXMRIXUO1rR4wcv1hAFUAT9avGZshty3Wlua/XA7TvA==",
      "license": "Apache-2.0",
      "dependencies": {
        "json-schema": "^0.4.0"
      },
      "engines": {
        "node": ">=18"
      }
    },
    "node_modules/@ai-sdk/provider-utils": {
      "version": "3.0.12",
      "resolved": "https://registry.npmjs.org/@ai-sdk/provider-utils/-/provider-utils-3.0.12.tgz",
      "integrity": "sha512-ZtbdvYxdMoria+2SlNarEk6Hlgyf+zzcznlD55EAl+7VZvJaSg2sqPvwArY7L6TfDEDJsnCq0fdhBSkYo0Xqdg==",
      "license": "Apache-2.0",
      "dependencies": {
        "@ai-sdk/provider": "2.0.0",
        "@standard-schema/spec": "^1.0.0",
        "eventsource-parser": "^3.0.5"
      },
      "engines": {
        "node": ">=18"
      },
      "peerDependencies": {
        "zod": "^3.25.76 || ^4.1.8"
      }
    },
    "node_modules/@opentelemetry/api": {
      "version": "1.9.0",
      "resolved": "https://registry.npmjs.org/@opentelemetry/api/-/api-1.9.0.tgz",
      "integrity": "sha512-3giAOQvZiH5F9bMlMiv8+GSPMeqg0dbaeo58/0SlA9sxSqZhnUtxzX9/2FzyhS9sWQf5S0GJE0AKBrFqjpeYcg==",
      "license": "Apache-2.0",
      "engines": {
        "node": ">=8.0.0"
      }
    },
    "node_modules/@runpod/ai-sdk-provider": {
      "resolved": "../../../ai-sdk-provider",
      "link": true
    },
    "node_modules/@standard-schema/spec": {
      "version": "1.0.0",
      "resolved": "https://registry.npmjs.org/@standard-schema/spec/-/spec-1.0.0.tgz",
      "integrity": "sha512-m2bOd0f2RT9k8QJx1JN85cZYyH1RqFBdlwtkSlf4tBDYLCiiZnv1fIIwacK6cqwXavOydf0NPToMQgpKq+dVlA==",
      "license": "MIT"
    },
    "node_modules/@vercel/oidc": {
      "version": "3.0.3",
      "resolved": "https://registry.npmjs.org/@vercel/oidc/-/oidc-3.0.3.tgz",
      "integrity": "sha512-yNEQvPcVrK9sIe637+I0jD6leluPxzwJKx/Haw6F4H77CdDsszUn5V3o96LPziXkSNE2B83+Z3mjqGKBK/R6Gg==",
      "license": "Apache-2.0",
      "engines": {
        "node": ">= 20"
      }
    },
    "node_modules/ai": {
      "version": "5.0.78",
      "resolved": "https://registry.npmjs.org/ai/-/ai-5.0.78.tgz",
      "integrity": "sha512-ec77fmQwJGLduswMrW4AAUGSOiu8dZaIwMmWHHGKsrMUFFS6ugfkTyx0srtuKYHNRRLRC2dT7cPirnUl98VnxA==",
      "license": "Apache-2.0",
      "dependencies": {
        "@ai-sdk/gateway": "2.0.1",
        "@ai-sdk/provider": "2.0.0",
        "@ai-sdk/provider-utils": "3.0.12",
        "@opentelemetry/api": "1.9.0"
      },
      "engines": {
        "node": ">=18"
      },
      "peerDependencies": {
        "zod": "^3.25.76 || ^4.1.8"
      }
    },
    "node_modules/dotenv": {
      "version": "17.2.3",
      "resolved": "https://registry.npmjs.org/dotenv/-/dotenv-17.2.3.tgz",
      "integrity": "sha512-JVUnt+DUIzu87TABbhPmNfVdBDt18BLOWjMUFJMSi/Qqg7NTYtabbvSNJGOJ7afbRuv9D/lngizHtP7QyLQ+9w==",
      "license": "BSD-2-Clause",
      "engines": {
        "node": ">=12"
      },
      "funding": {
        "url": "https://dotenvx.com"
      }
    },
    "node_modules/eventsource-parser": {
      "version": "3.0.6",
      "resolved": "https://registry.npmjs.org/eventsource-parser/-/eventsource-parser-3.0.6.tgz",
      "integrity": "sha512-Vo1ab+QXPzZ4tCa8SwIHJFaSzy4R6SHf7BY79rFBDf0idraZWAkYrDjDj8uWaSm3S2TK+hJ7/t1CEmZ7jXw+pg==",
      "license": "MIT",
      "engines": {
        "node": ">=18.0.0"
      }
    },
    "node_modules/json-schema": {
      "version": "0.4.0",
      "resolved": "https://registry.npmjs.org/json-schema/-/json-schema-0.4.0.tgz",
      "integrity": "sha512-es94M3nTIfsEPisRafak+HDLfHXnKBhV3vU5eqPcS3flIWqcxJWgXHXiey3YrpaNsanY5ei1VoYEbOzijuq9BA==",
      "license": "(AFL-2.1 OR BSD-3-Clause)"
    },
    "node_modules/zod": {
      "version": "3.25.76",
      "resolved": "https://registry.npmjs.org/zod/-/zod-3.25.76.tgz",
      "integrity": "sha512-gzUt/qt81nXsFGKIFcC3YnfEAx5NkunCfnDlvuBSSFS02bcXu4Lmea0AFIUwbLWxWPx3d9p8S5QoaujKcNQxcQ==",
      "license": "MIT",
      "funding": {
        "url": "https://github.com/sponsors/colinhacks"
      }
    }
  }
}
